
Microsoft Visual Studio Solution File, Format Version 12.00
# Visual Studio Version 17
VisualStudioVersion = 17.11.35222.181
MinimumVisualStudioVersion = 10.0.40219.1
Project("{FAE04EC0-301F-11D3-BF4B-00C04F79EFBC}") = "calculadora_webb", "calculadora_webb\calculadora_webb.csproj", "{5941AE9C-C991-4094-8FB6-02FBCBEFDE90}"
EndProject
Global
	GlobalSection(SolutionConfigurationPlatforms) = preSolution
		Debug|Any CPU = Debug|Any CPU
		Release|Any CPU = Release|Any CPU
	EndGlobalSection
	GlobalSection(ProjectConfigurationPlatforms) = postSolution
		{5941AE9C-C991-4094-8FB6-02FBCBEFDE90}.Debug|Any CPU.ActiveCfg = Debug|Any CPU
		{5941AE9C-C991-4094-8FB6-02FBCBEFDE90}.Debug|Any CPU.Build.0 = Debug|Any CPU
		{5941AE9C-C991-4094-8FB6-02FBCBEFDE90}.Release|Any CPU.ActiveCfg = Release|Any CPU
		{5941AE9C-C991-4094-8FB6-02FBCBEFDE90}.Release|Any CPU.Build.0 = Release|Any CPU
	EndGlobalSection
	GlobalSection(SolutionProperties) = preSolution
		HideSolutionNode = FALSE
	EndGlobalSection
	GlobalSection(ExtensibilityGlobals) = postSolution
		SolutionGuid = {705C9BCF-2C24-482D-A474-BB5501E9FBFE}
	EndGlobalSection
EndGlobal
